{
  "name": "sails-modular",
  "version": "1.0.0",
  "lockfileVersion": 1,
  "requires": true,
  "dependencies": {
    "@sailshq/lodash": {
      "version": "3.10.4",
      "resolved": "https://registry.npmjs.org/@sailshq/lodash/-/lodash-3.10.4.tgz",
      "integrity": "sha512-YXJqp9gdHcZKAmBY/WnwFpPtNQp2huD/ME2YMurH2YHJvxrVzYsmpKw/pb7yINArRpp8E++fwbQd3ajYXGA45Q=="
    },
    "async": {
      "version": "3.1.0",
      "resolved": "https://registry.npmjs.org/async/-/async-3.1.0.tgz",
      "integrity": "sha512-4vx/aaY6j/j3Lw3fbCHNWP0pPaTCew3F6F3hYyl/tHs/ndmV1q7NW9T5yuJ2XAGwdQrP+6Wu20x06U4APo/iQQ=="
    },
    "include-all": {
      "version": "4.0.3",
      "resolved": "https://registry.npmjs.org/include-all/-/include-all-4.0.3.tgz",
      "integrity": "sha1-ZfBujxGJSxp7XsH8l+azOS98+nU=",
      "requires": {
        "@sailshq/lodash": "^3.10.2",
        "merge-dictionaries": "^0.0.3"
      }
    },
    "lodash": {
      "version": "4.17.15",
      "resolved": "https://registry.npmjs.org/lodash/-/lodash-4.17.15.tgz",
      "integrity": "sha512-8xOcRHvCjnocdS5cpwXQXVzmmh5e5+saE2QGoeQmbKmRS6J3VQppPOIt0MnmE+4xlZoumy0GPG0D0MVIQbNA1A=="
    },
    "merge-dictionaries": {
      "version": "0.0.3",
      "resolved": "https://registry.npmjs.org/merge-dictionaries/-/merge-dictionaries-0.0.3.tgz",
      "integrity": "sha1-xN5NWNuyXkwoI6owy44VOQaet1c=",
      "requires": {
        "@sailshq/lodash": "^3.10.2"
      }
    }
  }
}
